
Microsoft Visual Studio Solution File, Format Version 12.00
# Visual Studio Version 17
VisualStudioVersion = 17.8.34511.84
MinimumVisualStudioVersion = 10.0.40219.1
Project("{FAE04EC0-301F-11D3-BF4B-00C04F79EFBC}") = "Vista", "plantilla_navegable\Vista.csproj", "{1BEA42B1-527A-42FE-A4D2-5996283A66BD}"
EndProject
Project("{FAE04EC0-301F-11D3-BF4B-00C04F79EFBC}") = "Controlador", "Controlador\Controlador.csproj", "{3F32608A-90B7-4DDA-BB8C-0F71B9B5FBF5}"
EndProject
Project("{FAE04EC0-301F-11D3-BF4B-00C04F79EFBC}") = "Modelo", "Modelo\Modelo.csproj", "{8E9AAB3B-F329-4057-A99B-254C977AAA01}"
EndProject
Global
	GlobalSection(SolutionConfigurationPlatforms) = preSolution
		Debug|Any CPU = Debug|Any CPU
		Release|Any CPU = Release|Any CPU
	EndGlobalSection
	GlobalSection(ProjectConfigurationPlatforms) = postSolution
		{1BEA42B1-527A-42FE-A4D2-5996283A66BD}.Debug|Any CPU.ActiveCfg = Debug|Any CPU
		{1BEA42B1-527A-42FE-A4D2-5996283A66BD}.Debug|Any CPU.Build.0 = Debug|Any CPU
		{1BEA42B1-527A-42FE-A4D2-5996283A66BD}.Release|Any CPU.ActiveCfg = Release|Any CPU
		{1BEA42B1-527A-42FE-A4D2-5996283A66BD}.Release|Any CPU.Build.0 = Release|Any CPU
		{3F32608A-90B7-4DDA-BB8C-0F71B9B5FBF5}.Debug|Any CPU.ActiveCfg = Debug|Any CPU
		{3F32608A-90B7-4DDA-BB8C-0F71B9B5FBF5}.Debug|Any CPU.Build.0 = Debug|Any CPU
		{3F32608A-90B7-4DDA-BB8C-0F71B9B5FBF5}.Release|Any CPU.ActiveCfg = Release|Any CPU
		{3F32608A-90B7-4DDA-BB8C-0F71B9B5FBF5}.Release|Any CPU.Build.0 = Release|Any CPU
		{8E9AAB3B-F329-4057-A99B-254C977AAA01}.Debug|Any CPU.ActiveCfg = Debug|Any CPU
		{8E9AAB3B-F329-4057-A99B-254C977AAA01}.Debug|Any CPU.Build.0 = Debug|Any CPU
		{8E9AAB3B-F329-4057-A99B-254C977AAA01}.Release|Any CPU.ActiveCfg = Release|Any CPU
		{8E9AAB3B-F329-4057-A99B-254C977AAA01}.Release|Any CPU.Build.0 = Release|Any CPU
	EndGlobalSection
	GlobalSection(SolutionProperties) = preSolution
		HideSolutionNode = FALSE
	EndGlobalSection
	GlobalSection(ExtensibilityGlobals) = postSolution
		SolutionGuid = {22FBAA31-9AA4-45A4-9505-BEF05E8CE677}
	EndGlobalSection
EndGlobal
